github.com/jchv/go-webview2 v0.0.0-20221223143126-dc24628cff85 h1:t6lhRbwURcdWgp8OsJlq6sOfWMOXP21YuiCicjutHv4=
github.com/jchv/go-webview2 v0.0.0-20221223143126-dc24628cff85/go.mod h1:/BNVc0Sw3Wj6Sz9uSxPwhCEUhhWs92hPde75K2YV24A=
github.com/jchv/go-winloader v0.0.0-20200815041850-dec1ee9a7fd5 h1:pdFFlHXY9tZXmJz+tRSm1DzYEH4ebha7cffmm607bMU=
github.com/jchv/go-winloader v0.0.0-20200815041850-dec1ee9a7fd5/go.mod h1:alcuEEnZsY1WQsagKhZDsoPCRoOijYqhZvPwLG0kzVs=
github.com/jchv/go-winloader v0.0.0-20210711035445-715c2860da7e h1:Q3+PugElBCf4PFpxhErSzU3/PY5sFL5Z6rfv4AbGAck=
github.com/jchv/go-winloader v0.0.0-20210711035445-715c2860da7e/go.mod h1:alcuEEnZsY1WQsagKhZDsoPCRoOijYqhZvPwLG0kzVs=
github.com/pirogom/walk v0.0.0-20230128105705-492944454fc3 h1:IX3BTIneZe5FIVQUZcR8/6kXQcxYxx8QTb78mSrr8zI=
github.com/pirogom/walk v0.0.0-20230128105705-492944454fc3/go.mod h1:QXBXBgidnjUSd+doq7lqmLIgFYogOBR8uvuIqCB20b4=
github.com/pirogom/walkmgr v0.0.0-20230731064223-f9dd916dade1 h1:47i6brIhc11ZT1N7m2mfuwxqLnXWqwjMHJPUw9FDYZo=
github.com/pirogom/walkmgr v0.0.0-20230731064223-f9dd916dade1/go.mod h1:GdziXCIWa6t2nthjC7PkfV1dD03nnyocLKRDCs+/o9w=
github.com/pirogom/walkmgr v0.0.0-20230811094304-569a19834941 h1:K3258v7VC1Smsb8Caa31E4C7Y2/j1IFGfUVwaE3/45A=
github.com/pirogom/walkmgr v0.0.0-20230811094304-569a19834941/go.mod h1:GdziXCIWa6t2nthjC7PkfV1dD03nnyocLKRDCs+/o9w=
github.com/pirogom/walkmgr v0.0.0-20230811094756-cd9778c04f56 h1:UQFwPzdw0LQwj7Wz/GASWGc1amDy0nSvlWuFX9eMb5A=
github.com/pirogom/walkmgr v0.0.0-20230811094756-cd9778c04f56/go.mod h1:GdziXCIWa6t2nthjC7PkfV1dD03nnyocLKRDCs+/o9w=
github.com/pirogom/walkmgr v0.0.0-20230811100338-e87cd0d7a0b0 h1:CEam8w+aMNYwatfnky8Q2YvH3sXeg6mbORGGPgxr7w0=
github.com/pirogom/walkmgr v0.0.0-20230811100338-e87cd0d7a0b0/go.mod h1:GdziXCIWa6t2nthjC7PkfV1dD03nnyocLKRDCs+/o9w=
github.com/pirogom/win v0.0.0-20220414140423-11dc73c0bb71 h1:dWwLEK6o2ZQXLcKDbs1ud1qj/BxQRWVldXFepN1Y8YI=
github.com/pirogom/win v0.0.0-20220414140423-11dc73c0bb71/go.mod h1:qMkYcyO2m1q45Ibh/wjrz36Je0PNXrdesmZo8RgR5KQ=
golang.org/x/sys v0.0.0-20200810151505-1b9f1253b3ed/go.mod h1:h1NjWce9XRLGQEsW7wpKNCjG9DtNlClVuFLEZdDNbEs=
golang.org/x/sys v0.0.0-20201018230417-eeed37f84f13/go.mod h1:h1NjWce9XRLGQEsW7wpKNCjG9DtNlClVuFLEZdDNbEs=
golang.org/x/sys v0.0.0-20210218145245-beda7e5e158e/go.mod h1:h1NjWce9XRLGQEsW7wpKNCjG9DtNlClVuFLEZdDNbEs=
golang.org/x/sys v0.9.0 h1:KS/R3tvhPqvJvwcKfnBHJwwthS11LRhmM5D59eEXa0s=
golang.org/x/sys v0.9.0/go.mod h1:oPkhp1MJrh7nUepCBck5+mAzfO9JrbApNNgaTdGDITg=
golang.org/x/sys v0.11.0 h1:eG7RXZHdqOJ1i+0lgLgCpSXAp6M3LYlAo6osgSi0xOM=
golang.org/x/sys v0.11.0/go.mod h1:oPkhp1MJrh7nUepCBck5+mAzfO9JrbApNNgaTdGDITg=
gopkg.in/Knetic/govaluate.v3 v3.0.0 h1:18mUyIt4ZlRlFZAAfVetz4/rzlJs9yhN+U02F4u1AOc=
gopkg.in/Knetic/govaluate.v3 v3.0.0/go.mod h1:csKLBORsPbafmSCGTEh3U7Ozmsuq8ZSIlKk1bcqph0E=
